{
  "requires": true,
  "lockfileVersion": 1,
  "dependencies": {
    "ckeditor-youtube-plugin": {
      "version": "2.1.8",
      "resolved": "https://registry.npmjs.org/ckeditor-youtube-plugin/-/ckeditor-youtube-plugin-2.1.8.tgz",
      "integrity": "sha1-DH0Y3tpCzVu0kOx1xcUdFJdId9k="
    }
  }
}
